// !$*UTF8*$!
{
	archiveVersion = 1;
	classes = {
	};
	objectVersion = 46;
	objects = {

/* Begin PBXBuildFile section */
		7989BF40179E2A71001189C9 /* checkmark2.png in Resources */ = {isa = PBXBuildFile; fileRef = 7989BF3C179E2A71001189C9 /* checkmark2.png */; };
		7989BF41179E2A71001189C9 /* checkmark2@2x.png in Resources */ = {isa = PBXBuildFile; fileRef = 7989BF3D179E2A71001189C9 /* checkmark2@2x.png */; };
		7989BF42179E2A71001189C9 /* uncheckmark2.png in Resources */ = {isa = PBXBuildFile; fileRef = 7989BF3E179E2A71001189C9 /* uncheckmark2.png */; };
		7989BF43179E2A71001189C9 /* uncheckmark2@2x.png in Resources */ = {isa = PBXBuildFile; fileRef = 7989BF3F179E2A71001189C9 /* uncheckmark2@2x.png */; };
		7989BF46179E2A7F001189C9 /* ZCheckbox.m in Sources */ = {isa = PBXBuildFile; fileRef = 7989BF45179E2A7F001189C9 /* ZCheckbox.m */; };
		7989BF49179E2A88001189C9 /* ZTextField.m in Sources */ = {isa = PBXBuildFile; fileRef = 7989BF48179E2A88001189C9 /* ZTextField.m */; };
		7989BF52179E2AEB001189C9 /* NSIndexPath+Utilities.m in Sources */ = {isa = PBXBuildFile; fileRef = 7989BF4B179E2AEB001189C9 /* NSIndexPath+Utilities.m */; };
		7989BF53179E2AEB001189C9 /* NSString+Utilities.m in Sources */ = {isa = PBXBuildFile; fileRef = 7989BF4D179E2AEB001189C9 /* NSString+Utilities.m */; };
		7989BF54179E2AEB001189C9 /* UINavigationController+InterceptBack.m in Sources */ = {isa = PBXBuildFile; fileRef = 7989BF4F179E2AEB001189C9 /* UINavigationController+InterceptBack.m */; };
		7989BF55179E2AEB001189C9 /* UIView+ViewSearch.m in Sources */ = {isa = PBXBuildFile; fileRef = 7989BF51179E2AEB001189C9 /* UIView+ViewSearch.m */; };
		7989BF5A179E2B12001189C9 /* ZFormModel.m in Sources */ = {isa = PBXBuildFile; fileRef = 7989BF57179E2B12001189C9 /* ZFormModel.m */; };
		7989BF5B179E2B12001189C9 /* ZFormViewController.m in Sources */ = {isa = PBXBuildFile; fileRef = 7989BF59179E2B12001189C9 /* ZFormViewController.m */; };
		7989BF68179E2B74001189C9 /* ZCheckboxCell.m in Sources */ = {isa = PBXBuildFile; fileRef = 7989BF5D179E2B74001189C9 /* ZCheckboxCell.m */; };
		7989BF69179E2B74001189C9 /* ZDateCell.m in Sources */ = {isa = PBXBuildFile; fileRef = 7989BF5F179E2B74001189C9 /* ZDateCell.m */; };
		7989BF6A179E2B74001189C9 /* ZLabelControlCell.m in Sources */ = {isa = PBXBuildFile; fileRef = 7989BF61179E2B74001189C9 /* ZLabelControlCell.m */; };
		7989BF6B179E2B74001189C9 /* ZSwitchCell.m in Sources */ = {isa = PBXBuildFile; fileRef = 7989BF63179E2B74001189C9 /* ZSwitchCell.m */; };
		7989BF6C179E2B74001189C9 /* ZTableViewCell.m in Sources */ = {isa = PBXBuildFile; fileRef = 7989BF65179E2B74001189C9 /* ZTableViewCell.m */; };
		7989BF6D179E2B74001189C9 /* ZTextFieldCell.m in Sources */ = {isa = PBXBuildFile; fileRef = 7989BF67179E2B74001189C9 /* ZTextFieldCell.m */; };
		7989BF7A179E2BFF001189C9 /* ZCellController.m in Sources */ = {isa = PBXBuildFile; fileRef = 7989BF6F179E2BFF001189C9 /* ZCellController.m */; };
		7989BF7B179E2BFF001189C9 /* ZCheckboxCellController.m in Sources */ = {isa = PBXBuildFile; fileRef = 7989BF71179E2BFF001189C9 /* ZCheckboxCellController.m */; };
		7989BF7C179E2BFF001189C9 /* ZDateCellController.m in Sources */ = {isa = PBXBuildFile; fileRef = 7989BF73179E2BFF001189C9 /* ZDateCellController.m */; };
		7989BF7D179E2BFF001189C9 /* ZMultiSelectCellController.m in Sources */ = {isa = PBXBuildFile; fileRef = 7989BF75179E2BFF001189C9 /* ZMultiSelectCellController.m */; };
		7989BF7E179E2BFF001189C9 /* ZSwitchCellController.m in Sources */ = {isa = PBXBuildFile; fileRef = 7989BF77179E2BFF001189C9 /* ZSwitchCellController.m */; };
		7989BF7F179E2BFF001189C9 /* ZTextFieldCellController.m in Sources */ = {isa = PBXBuildFile; fileRef = 7989BF79179E2BFF001189C9 /* ZTextFieldCellController.m */; };
		79C48235179B654400E2B9F9 /* Foundation.framework in Frameworks */ = {isa = PBXBuildFile; fileRef = 79C48234179B654400E2B9F9 /* Foundation.framework */; };
		79C48237179B654400E2B9F9 /* CoreGraphics.framework in Frameworks */ = {isa = PBXBuildFile; fileRef = 79C48236179B654400E2B9F9 /* CoreGraphics.framework */; };
		79C48239179B654400E2B9F9 /* UIKit.framework in Frameworks */ = {isa = PBXBuildFile; fileRef = 79C48238179B654400E2B9F9 /* UIKit.framework */; };
		79C4823F179B654400E2B9F9 /* InfoPlist.strings in Resources */ = {isa = PBXBuildFile; fileRef = 79C4823D179B654400E2B9F9 /* InfoPlist.strings */; };
		79C48241179B654500E2B9F9 /* main.m in Sources */ = {isa = PBXBuildFile; fileRef = 79C48240179B654400E2B9F9 /* main.m */; };
		79C48245179B654500E2B9F9 /* ZAppDelegate.m in Sources */ = {isa = PBXBuildFile; fileRef = 79C48244179B654500E2B9F9 /* ZAppDelegate.m */; };
		79C48248179B654500E2B9F9 /* Main.storyboard in Resources */ = {isa = PBXBuildFile; fileRef = 79C48246179B654500E2B9F9 /* Main.storyboard */; };
		79C4824B179B654500E2B9F9 /* ZViewController.m in Sources */ = {isa = PBXBuildFile; fileRef = 79C4824A179B654500E2B9F9 /* ZViewController.m */; };
		79C4824D179B654500E2B9F9 /* Images.xcassets in Resources */ = {isa = PBXBuildFile; fileRef = 79C4824C179B654500E2B9F9 /* Images.xcassets */; };
		79C48254179B654500E2B9F9 /* XCTest.framework in Frameworks */ = {isa = PBXBuildFile; fileRef = 79C48253179B654500E2B9F9 /* XCTest.framework */; };
		79C48255179B654500E2B9F9 /* Foundation.framework in Frameworks */ = {isa = PBXBuildFile; fileRef = 79C48234179B654400E2B9F9 /* Foundation.framework */; };
		79C48256179B654500E2B9F9 /* UIKit.framework in Frameworks */ = {isa = PBXBuildFile; fileRef = 79C48238179B654400E2B9F9 /* UIKit.framework */; };
		79C4825E179B654500E2B9F9 /* InfoPlist.strings in Resources */ = {isa = PBXBuildFile; fileRef = 79C4825C179B654500E2B9F9 /* InfoPlist.strings */; };
		79C48260179B654500E2B9F9 /* ZFormTests.m in Sources */ = {isa = PBXBuildFile; fileRef = 79C4825F179B654500E2B9F9 /* ZFormTests.m */; };
		79C48282179B65DF00E2B9F9 /* TransactionalArray.m in Sources */ = {isa = PBXBuildFile; fileRef = 79C48281179B65DF00E2B9F9 /* TransactionalArray.m */; };
/* End PBXBuildFile section */

/* Begin PBXContainerItemProxy section */
		79C48257179B654500E2B9F9 /* PBXContainerItemProxy */ = {
			isa = PBXContainerItemProxy;
			containerPortal = 79C48229179B654400E2B9F9 /* Project object */;
			proxyType = 1;
			remoteGlobalIDString = 79C48230179B654400E2B9F9;
			remoteInfo = ZForm;
		};
/* End PBXContainerItemProxy section */

/* Begin PBXFileReference section */
		7989BF3C179E2A71001189C9 /* checkmark2.png */ = {isa = PBXFileReference; lastKnownFileType = image.png; name = checkmark2.png; path = ZForm/Controls/Checkbox/assets/checkmark2.png; sourceTree = "<group>"; };
		7989BF3D179E2A71001189C9 /* checkmark2@2x.png */ = {isa = PBXFileReference; lastKnownFileType = image.png; name = "checkmark2@2x.png"; path = "ZForm/Controls/Checkbox/assets/checkmark2@2x.png"; sourceTree = "<group>"; };
		7989BF3E179E2A71001189C9 /* uncheckmark2.png */ = {isa = PBXFileReference; lastKnownFileType = image.png; name = uncheckmark2.png; path = ZForm/Controls/Checkbox/assets/uncheckmark2.png; sourceTree = "<group>"; };
		7989BF3F179E2A71001189C9 /* uncheckmark2@2x.png */ = {isa = PBXFileReference; lastKnownFileType = image.png; name = "uncheckmark2@2x.png"; path = "ZForm/Controls/Checkbox/assets/uncheckmark2@2x.png"; sourceTree = "<group>"; };
		7989BF44179E2A7F001189C9 /* ZCheckbox.h */ = {isa = PBXFileReference; fileEncoding = 4; lastKnownFileType = sourcecode.c.h; name = ZCheckbox.h; path = ZForm/Controls/Checkbox/ZCheckbox.h; sourceTree = "<group>"; };
		7989BF45179E2A7F001189C9 /* ZCheckbox.m */ = {isa = PBXFileReference; fileEncoding = 4; lastKnownFileType = sourcecode.c.objc; name = ZCheckbox.m; path = ZForm/Controls/Checkbox/ZCheckbox.m; sourceTree = "<group>"; };
		7989BF47179E2A88001189C9 /* ZTextField.h */ = {isa = PBXFileReference; fileEncoding = 4; lastKnownFileType = sourcecode.c.h; name = ZTextField.h; path = ZForm/Controls/ZTextField.h; sourceTree = "<group>"; };
		7989BF48179E2A88001189C9 /* ZTextField.m */ = {isa = PBXFileReference; fileEncoding = 4; lastKnownFileType = sourcecode.c.objc; name = ZTextField.m; path = ZForm/Controls/ZTextField.m; sourceTree = "<group>"; };
		7989BF4A179E2AEB001189C9 /* NSIndexPath+Utilities.h */ = {isa = PBXFileReference; fileEncoding = 4; lastKnownFileType = sourcecode.c.h; name = "NSIndexPath+Utilities.h"; path = "ZForm/Categories/NSIndexPath+Utilities.h"; sourceTree = "<group>"; };
		7989BF4B179E2AEB001189C9 /* NSIndexPath+Utilities.m */ = {isa = PBXFileReference; fileEncoding = 4; lastKnownFileType = sourcecode.c.objc; name = "NSIndexPath+Utilities.m"; path = "ZForm/Categories/NSIndexPath+Utilities.m"; sourceTree = "<group>"; };
		7989BF4C179E2AEB001189C9 /* NSString+Utilities.h */ = {isa = PBXFileReference; fileEncoding = 4; lastKnownFileType = sourcecode.c.h; name = "NSString+Utilities.h"; path = "ZForm/Categories/NSString+Utilities.h"; sourceTree = "<group>"; };
		7989BF4D179E2AEB001189C9 /* NSString+Utilities.m */ = {isa = PBXFileReference; fileEncoding = 4; lastKnownFileType = sourcecode.c.objc; name = "NSString+Utilities.m"; path = "ZForm/Categories/NSString+Utilities.m"; sourceTree = "<group>"; };
		7989BF4E179E2AEB001189C9 /* UINavigationController+InterceptBack.h */ = {isa = PBXFileReference; fileEncoding = 4; lastKnownFileType = sourcecode.c.h; name = "UINavigationController+InterceptBack.h"; path = "ZForm/Categories/UINavigationController+InterceptBack.h"; sourceTree = "<group>"; };
		7989BF4F179E2AEB001189C9 /* UINavigationController+InterceptBack.m */ = {isa = PBXFileReference; fileEncoding = 4; lastKnownFileType = sourcecode.c.objc; name = "UINavigationController+InterceptBack.m"; path = "ZForm/Categories/UINavigationController+InterceptBack.m"; sourceTree = "<group>"; };
		7989BF50179E2AEB001189C9 /* UIView+ViewSearch.h */ = {isa = PBXFileReference; fileEncoding = 4; lastKnownFileType = sourcecode.c.h; name = "UIView+ViewSearch.h"; path = "ZForm/Categories/UIView+ViewSearch.h"; sourceTree = "<group>"; };
		7989BF51179E2AEB001189C9 /* UIView+ViewSearch.m */ = {isa = PBXFileReference; fileEncoding = 4; lastKnownFileType = sourcecode.c.objc; name = "UIView+ViewSearch.m"; path = "ZForm/Categories/UIView+ViewSearch.m"; sourceTree = "<group>"; };
		7989BF56179E2B12001189C9 /* ZFormModel.h */ = {isa = PBXFileReference; fileEncoding = 4; lastKnownFileType = sourcecode.c.h; name = ZFormModel.h; path = ZForm/ZFormModel.h; sourceTree = "<group>"; };
		7989BF57179E2B12001189C9 /* ZFormModel.m */ = {isa = PBXFileReference; fileEncoding = 4; lastKnownFileType = sourcecode.c.objc; name = ZFormModel.m; path = ZForm/ZFormModel.m; sourceTree = "<group>"; };
		7989BF58179E2B12001189C9 /* ZFormViewController.h */ = {isa = PBXFileReference; fileEncoding = 4; lastKnownFileType = sourcecode.c.h; name = ZFormViewController.h; path = ZForm/ZFormViewController.h; sourceTree = "<group>"; };
		7989BF59179E2B12001189C9 /* ZFormViewController.m */ = {isa = PBXFileReference; fileEncoding = 4; lastKnownFileType = sourcecode.c.objc; name = ZFormViewController.m; path = ZForm/ZFormViewController.m; sourceTree = "<group>"; };
		7989BF5C179E2B74001189C9 /* ZCheckboxCell.h */ = {isa = PBXFileReference; fileEncoding = 4; lastKnownFileType = sourcecode.c.h; name = ZCheckboxCell.h; path = "ZForm/Cell Views/ZCheckboxCell.h"; sourceTree = "<group>"; };
		7989BF5D179E2B74001189C9 /* ZCheckboxCell.m */ = {isa = PBXFileReference; fileEncoding = 4; lastKnownFileType = sourcecode.c.objc; name = ZCheckboxCell.m; path = "ZForm/Cell Views/ZCheckboxCell.m"; sourceTree = "<group>"; };
		7989BF5E179E2B74001189C9 /* ZDateCell.h */ = {isa = PBXFileReference; fileEncoding = 4; lastKnownFileType = sourcecode.c.h; name = ZDateCell.h; path = "ZForm/Cell Views/ZDateCell.h"; sourceTree = "<group>"; };
		7989BF5F179E2B74001189C9 /* ZDateCell.m */ = {isa = PBXFileReference; fileEncoding = 4; lastKnownFileType = sourcecode.c.objc; name = ZDateCell.m; path = "ZForm/Cell Views/ZDateCell.m"; sourceTree = "<group>"; };
		7989BF60179E2B74001189C9 /* ZLabelControlCell.h */ = {isa = PBXFileReference; fileEncoding = 4; lastKnownFileType = sourcecode.c.h; name = ZLabelControlCell.h; path = "ZForm/Cell Views/ZLabelControlCell.h"; sourceTree = "<group>"; };
		7989BF61179E2B74001189C9 /* ZLabelControlCell.m */ = {isa = PBXFileReference; fileEncoding = 4; lastKnownFileType = sourcecode.c.objc; name = ZLabelControlCell.m; path = "ZForm/Cell Views/ZLabelControlCell.m"; sourceTree = "<group>"; };
		7989BF62179E2B74001189C9 /* ZSwitchCell.h */ = {isa = PBXFileReference; fileEncoding = 4; lastKnownFileType = sourcecode.c.h; name = ZSwitchCell.h; path = "ZForm/Cell Views/ZSwitchCell.h"; sourceTree = "<group>"; };
		7989BF63179E2B74001189C9 /* ZSwitchCell.m */ = {isa = PBXFileReference; fileEncoding = 4; lastKnownFileType = sourcecode.c.objc; name = ZSwitchCell.m; path = "ZForm/Cell Views/ZSwitchCell.m"; sourceTree = "<group>"; };
		7989BF64179E2B74001189C9 /* ZTableViewCell.h */ = {isa = PBXFileReference; fileEncoding = 4; lastKnownFileType = sourcecode.c.h; name = ZTableViewCell.h; path = "ZForm/Cell Views/ZTableViewCell.h"; sourceTree = "<group>"; };
		7989BF65179E2B74001189C9 /* ZTableViewCell.m */ = {isa = PBXFileReference; fileEncoding = 4; lastKnownFileType = sourcecode.c.objc; name = ZTableViewCell.m; path = "ZForm/Cell Views/ZTableViewCell.m"; sourceTree = "<group>"; };
		7989BF66179E2B74001189C9 /* ZTextFieldCell.h */ = {isa = PBXFileReference; fileEncoding = 4; lastKnownFileType = sourcecode.c.h; name = ZTextFieldCell.h; path = "ZForm/Cell Views/ZTextFieldCell.h"; sourceTree = "<group>"; };
		7989BF67179E2B74001189C9 /* ZTextFieldCell.m */ = {isa = PBXFileReference; fileEncoding = 4; lastKnownFileType = sourcecode.c.objc; name = ZTextFieldCell.m; path = "ZForm/Cell Views/ZTextFieldCell.m"; sourceTree = "<group>"; };
		7989BF6E179E2BFF001189C9 /* ZCellController.h */ = {isa = PBXFileReference; fileEncoding = 4; lastKnownFileType = sourcecode.c.h; name = ZCellController.h; path = "ZForm/Cell Controllers/ZCellController.h"; sourceTree = "<group>"; };
		7989BF6F179E2BFF001189C9 /* ZCellController.m */ = {isa = PBXFileReference; fileEncoding = 4; lastKnownFileType = sourcecode.c.objc; name = ZCellController.m; path = "ZForm/Cell Controllers/ZCellController.m"; sourceTree = "<group>"; };
		7989BF70179E2BFF001189C9 /* ZCheckboxCellController.h */ = {isa = PBXFileReference; fileEncoding = 4; lastKnownFileType = sourcecode.c.h; name = ZCheckboxCellController.h; path = "ZForm/Cell Controllers/ZCheckboxCellController.h"; sourceTree = "<group>"; };
		7989BF71179E2BFF001189C9 /* ZCheckboxCellController.m */ = {isa = PBXFileReference; fileEncoding = 4; lastKnownFileType = sourcecode.c.objc; name = ZCheckboxCellController.m; path = "ZForm/Cell Controllers/ZCheckboxCellController.m"; sourceTree = "<group>"; };
		7989BF72179E2BFF001189C9 /* ZDateCellController.h */ = {isa = PBXFileReference; fileEncoding = 4; lastKnownFileType = sourcecode.c.h; name = ZDateCellController.h; path = "ZForm/Cell Controllers/ZDateCellController.h"; sourceTree = "<group>"; };
		7989BF73179E2BFF001189C9 /* ZDateCellController.m */ = {isa = PBXFileReference; fileEncoding = 4; lastKnownFileType = sourcecode.c.objc; name = ZDateCellController.m; path = "ZForm/Cell Controllers/ZDateCellController.m"; sourceTree = "<group>"; };
		7989BF74179E2BFF001189C9 /* ZMultiSelectCellController.h */ = {isa = PBXFileReference; fileEncoding = 4; lastKnownFileType = sourcecode.c.h; name = ZMultiSelectCellController.h; path = "ZForm/Cell Controllers/ZMultiSelectCellController.h"; sourceTree = "<group>"; };
		7989BF75179E2BFF001189C9 /* ZMultiSelectCellController.m */ = {isa = PBXFileReference; fileEncoding = 4; lastKnownFileType = sourcecode.c.objc; name = ZMultiSelectCellController.m; path = "ZForm/Cell Controllers/ZMultiSelectCellController.m"; sourceTree = "<group>"; };
		7989BF76179E2BFF001189C9 /* ZSwitchCellController.h */ = {isa = PBXFileReference; fileEncoding = 4; lastKnownFileType = sourcecode.c.h; name = ZSwitchCellController.h; path = "ZForm/Cell Controllers/ZSwitchCellController.h"; sourceTree = "<group>"; };
		7989BF77179E2BFF001189C9 /* ZSwitchCellController.m */ = {isa = PBXFileReference; fileEncoding = 4; lastKnownFileType = sourcecode.c.objc; name = ZSwitchCellController.m; path = "ZForm/Cell Controllers/ZSwitchCellController.m"; sourceTree = "<group>"; };
		7989BF78179E2BFF001189C9 /* ZTextFieldCellController.h */ = {isa = PBXFileReference; fileEncoding = 4; lastKnownFileType = sourcecode.c.h; name = ZTextFieldCellController.h; path = "ZForm/Cell Controllers/ZTextFieldCellController.h"; sourceTree = "<group>"; };
		7989BF79179E2BFF001189C9 /* ZTextFieldCellController.m */ = {isa = PBXFileReference; fileEncoding = 4; lastKnownFileType = sourcecode.c.objc; name = ZTextFieldCellController.m; path = "ZForm/Cell Controllers/ZTextFieldCellController.m"; sourceTree = "<group>"; };
		79C48231179B654400E2B9F9 /* ZForm.app */ = {isa = PBXFileReference; explicitFileType = wrapper.application; includeInIndex = 0; path = ZForm.app; sourceTree = BUILT_PRODUCTS_DIR; };
		79C48234179B654400E2B9F9 /* Foundation.framework */ = {isa = PBXFileReference; lastKnownFileType = wrapper.framework; name = Foundation.framework; path = System/Library/Frameworks/Foundation.framework; sourceTree = SDKROOT; };
		79C48236179B654400E2B9F9 /* CoreGraphics.framework */ = {isa = PBXFileReference; lastKnownFileType = wrapper.framework; name = CoreGraphics.framework; path = System/Library/Frameworks/CoreGraphics.framework; sourceTree = SDKROOT; };
		79C48238179B654400E2B9F9 /* UIKit.framework */ = {isa = PBXFileReference; lastKnownFileType = wrapper.framework; name = UIKit.framework; path = System/Library/Frameworks/UIKit.framework; sourceTree = SDKROOT; };
		79C4823C179B654400E2B9F9 /* ZForm-Info.plist */ = {isa = PBXFileReference; lastKnownFileType = text.plist.xml; path = "ZForm-Info.plist"; sourceTree = "<group>"; };
		79C4823E179B654400E2B9F9 /* en */ = {isa = PBXFileReference; lastKnownFileType = text.plist.strings; name = en; path = en.lproj/InfoPlist.strings; sourceTree = "<group>"; };
		79C48240179B654400E2B9F9 /* main.m */ = {isa = PBXFileReference; lastKnownFileType = sourcecode.c.objc; path = main.m; sourceTree = "<group>"; };
		79C48242179B654500E2B9F9 /* ZForm-Prefix.pch */ = {isa = PBXFileReference; lastKnownFileType = sourcecode.c.h; path = "ZForm-Prefix.pch"; sourceTree = "<group>"; };
		79C48243179B654500E2B9F9 /* ZAppDelegate.h */ = {isa = PBXFileReference; lastKnownFileType = sourcecode.c.h; path = ZAppDelegate.h; sourceTree = "<group>"; };
		79C48244179B654500E2B9F9 /* ZAppDelegate.m */ = {isa = PBXFileReference; lastKnownFileType = sourcecode.c.objc; path = ZAppDelegate.m; sourceTree = "<group>"; };
		79C48247179B654500E2B9F9 /* Base */ = {isa = PBXFileReference; lastKnownFileType = file.storyboard; name = Base; path = Base.lproj/Main.storyboard; sourceTree = "<group>"; };
		79C48249179B654500E2B9F9 /* ZViewController.h */ = {isa = PBXFileReference; lastKnownFileType = sourcecode.c.h; path = ZViewController.h; sourceTree = "<group>"; };
		79C4824A179B654500E2B9F9 /* ZViewController.m */ = {isa = PBXFileReference; lastKnownFileType = sourcecode.c.objc; path = ZViewController.m; sourceTree = "<group>"; };
		79C4824C179B654500E2B9F9 /* Images.xcassets */ = {isa = PBXFileReference; lastKnownFileType = folder.assetcatalog; path = Images.xcassets; sourceTree = "<group>"; };
		79C48252179B654500E2B9F9 /* ZFormTests.xctest */ = {isa = PBXFileReference; explicitFileType = wrapper.cfbundle; includeInIndex = 0; path = ZFormTests.xctest; sourceTree = BUILT_PRODUCTS_DIR; };
		79C48253179B654500E2B9F9 /* XCTest.framework */ = {isa = PBXFileReference; lastKnownFileType = wrapper.framework; name = XCTest.framework; path = Library/Frameworks/XCTest.framework; sourceTree = DEVELOPER_DIR; };
		79C4825B179B654500E2B9F9 /* ZFormTests-Info.plist */ = {isa = PBXFileReference; lastKnownFileType = text.plist.xml; path = "ZFormTests-Info.plist"; sourceTree = "<group>"; };
		79C4825D179B654500E2B9F9 /* en */ = {isa = PBXFileReference; lastKnownFileType = text.plist.strings; name = en; path = en.lproj/InfoPlist.strings; sourceTree = "<group>"; };
		79C4825F179B654500E2B9F9 /* ZFormTests.m */ = {isa = PBXFileReference; lastKnownFileType = sourcecode.c.objc; path = ZFormTests.m; sourceTree = "<group>"; };
		79C48280179B65DF00E2B9F9 /* TransactionalArray.h */ = {isa = PBXFileReference; fileEncoding = 4; lastKnownFileType = sourcecode.c.h; path = TransactionalArray.h; sourceTree = "<group>"; };
		79C48281179B65DF00E2B9F9 /* TransactionalArray.m */ = {isa = PBXFileReference; fileEncoding = 4; lastKnownFileType = sourcecode.c.objc; path = TransactionalArray.m; sourceTree = "<group>"; };
/* End PBXFileReference section */

/* Begin PBXFrameworksBuildPhase section */
		79C4822E179B654400E2B9F9 /* Frameworks */ = {
			isa = PBXFrameworksBuildPhase;
			buildActionMask = 2147483647;
			files = (
				79C48237179B654400E2B9F9 /* CoreGraphics.framework in Frameworks */,
				79C48239179B654400E2B9F9 /* UIKit.framework in Frameworks */,
				79C48235179B654400E2B9F9 /* Foundation.framework in Frameworks */,
			);
			runOnlyForDeploymentPostprocessing = 0;
		};
		79C4824F179B654500E2B9F9 /* Frameworks */ = {
			isa = PBXFrameworksBuildPhase;
			buildActionMask = 2147483647;
			files = (
				79C48254179B654500E2B9F9 /* XCTest.framework in Frameworks */,
				79C48256179B654500E2B9F9 /* UIKit.framework in Frameworks */,
				79C48255179B654500E2B9F9 /* Foundation.framework in Frameworks */,
			);
			runOnlyForDeploymentPostprocessing = 0;
		};
/* End PBXFrameworksBuildPhase section */

/* Begin PBXGroup section */
		7985300C179CBE1C00BC3BC5 /* Checkbox */ = {
			isa = PBXGroup;
			children = (
				7989BF3B179E2973001189C9 /* assets */,
				7989BF44179E2A7F001189C9 /* ZCheckbox.h */,
				7989BF45179E2A7F001189C9 /* ZCheckbox.m */,
			);
			name = Checkbox;
			sourceTree = "<group>";
		};
		7985301B179CCD7800BC3BC5 /* Controls */ = {
			isa = PBXGroup;
			children = (
				7989BF47179E2A88001189C9 /* ZTextField.h */,
				7989BF48179E2A88001189C9 /* ZTextField.m */,
				7985300C179CBE1C00BC3BC5 /* Checkbox */,
			);
			name = Controls;
			sourceTree = "<group>";
		};
		7989BF3B179E2973001189C9 /* assets */ = {
			isa = PBXGroup;
			children = (
				7989BF3C179E2A71001189C9 /* checkmark2.png */,
				7989BF3D179E2A71001189C9 /* checkmark2@2x.png */,
				7989BF3E179E2A71001189C9 /* uncheckmark2.png */,
				7989BF3F179E2A71001189C9 /* uncheckmark2@2x.png */,
			);
			name = assets;
			sourceTree = "<group>";
		};
		79C48228179B654400E2B9F9 = {
			isa = PBXGroup;
			children = (
				79C4823A179B654400E2B9F9 /* ZForm */,
				79C48259179B654500E2B9F9 /* ZFormTests */,
				79C48233179B654400E2B9F9 /* Frameworks */,
				79C48232179B654400E2B9F9 /* Products */,
			);
			sourceTree = "<group>";
		};
		79C48232179B654400E2B9F9 /* Products */ = {
			isa = PBXGroup;
			children = (
				79C48231179B654400E2B9F9 /* ZForm.app */,
				79C48252179B654500E2B9F9 /* ZFormTests.xctest */,
			);
			name = Products;
			sourceTree = "<group>";
		};
		79C48233179B654400E2B9F9 /* Frameworks */ = {
			isa = PBXGroup;
			children = (
				79C48234179B654400E2B9F9 /* Foundation.framework */,
				79C48236179B654400E2B9F9 /* CoreGraphics.framework */,
				79C48238179B654400E2B9F9 /* UIKit.framework */,
				79C48253179B654500E2B9F9 /* XCTest.framework */,
			);
			name = Frameworks;
			sourceTree = "<group>";
		};
		79C4823A179B654400E2B9F9 /* ZForm */ = {
			isa = PBXGroup;
			children = (
				79C48243179B654500E2B9F9 /* ZAppDelegate.h */,
				79C48244179B654500E2B9F9 /* ZAppDelegate.m */,
				79C48246179B654500E2B9F9 /* Main.storyboard */,
				79C48249179B654500E2B9F9 /* ZViewController.h */,
				79C4824A179B654500E2B9F9 /* ZViewController.m */,
				79C4824C179B654500E2B9F9 /* Images.xcassets */,
				79C48269179B655600E2B9F9 /* ZForm */,
				79C4826A179B656000E2B9F9 /* Other Classes */,
				79C4823B179B654400E2B9F9 /* Supporting Files */,
			);
			path = ZForm;
			sourceTree = "<group>";
		};
		79C4823B179B654400E2B9F9 /* Supporting Files */ = {
			isa = PBXGroup;
			children = (
				79C4823C179B654400E2B9F9 /* ZForm-Info.plist */,
				79C4823D179B654400E2B9F9 /* InfoPlist.strings */,
				79C48240179B654400E2B9F9 /* main.m */,
				79C48242179B654500E2B9F9 /* ZForm-Prefix.pch */,
			);
			name = "Supporting Files";
			sourceTree = "<group>";
		};
		79C48259179B654500E2B9F9 /* ZFormTests */ = {
			isa = PBXGroup;
			children = (
				79C4825F179B654500E2B9F9 /* ZFormTests.m */,
				79C4825A179B654500E2B9F9 /* Supporting Files */,
			);
			path = ZFormTests;
			sourceTree = "<group>";
		};
		79C4825A179B654500E2B9F9 /* Supporting Files */ = {
			isa = PBXGroup;
			children = (
				79C4825B179B654500E2B9F9 /* ZFormTests-Info.plist */,
				79C4825C179B654500E2B9F9 /* InfoPlist.strings */,
			);
			name = "Supporting Files";
			sourceTree = "<group>";
		};
		79C48269179B655600E2B9F9 /* ZForm */ = {
			isa = PBXGroup;
			children = (
				7989BF58179E2B12001189C9 /* ZFormViewController.h */,
				7989BF59179E2B12001189C9 /* ZFormViewController.m */,
				7989BF56179E2B12001189C9 /* ZFormModel.h */,
				7989BF57179E2B12001189C9 /* ZFormModel.m */,
				79C4826C179B657600E2B9F9 /* Cell Controllers */,
				79C4826D179B657F00E2B9F9 /* Cell Views */,
				79C4826B179B656E00E2B9F9 /* Categories */,
				7985301B179CCD7800BC3BC5 /* Controls */,
			);
			name = ZForm;
			sourceTree = "<group>";
		};
		79C4826A179B656000E2B9F9 /* Other Classes */ = {
			isa = PBXGroup;
			children = (
				79C48280179B65DF00E2B9F9 /* TransactionalArray.h */,
				79C48281179B65DF00E2B9F9 /* TransactionalArray.m */,
			);
			name = "Other Classes";
			sourceTree = "<group>";
		};
		79C4826B179B656E00E2B9F9 /* Categories */ = {
			isa = PBXGroup;
			children = (
				7989BF4A179E2AEB001189C9 /* NSIndexPath+Utilities.h */,
				7989BF4B179E2AEB001189C9 /* NSIndexPath+Utilities.m */,
				7989BF4C179E2AEB001189C9 /* NSString+Utilities.h */,
				7989BF4D179E2AEB001189C9 /* NSString+Utilities.m */,
				7989BF4E179E2AEB001189C9 /* UINavigationController+InterceptBack.h */,
				7989BF4F179E2AEB001189C9 /* UINavigationController+InterceptBack.m */,
				7989BF50179E2AEB001189C9 /* UIView+ViewSearch.h */,
				7989BF51179E2AEB001189C9 /* UIView+ViewSearch.m */,
			);
			name = Categories;
			sourceTree = "<group>";
		};
		79C4826C179B657600E2B9F9 /* Cell Controllers */ = {
			isa = PBXGroup;
			children = (
				7989BF6E179E2BFF001189C9 /* ZCellController.h */,
				7989BF6F179E2BFF001189C9 /* ZCellController.m */,
				7989BF70179E2BFF001189C9 /* ZCheckboxCellController.h */,
				7989BF71179E2BFF001189C9 /* ZCheckboxCellController.m */,
				7989BF72179E2BFF001189C9 /* ZDateCellController.h */,
				7989BF73179E2BFF001189C9 /* ZDateCellController.m */,
				7989BF74179E2BFF001189C9 /* ZMultiSelectCellController.h */,
				7989BF75179E2BFF001189C9 /* ZMultiSelectCellController.m */,
				7989BF76179E2BFF001189C9 /* ZSwitchCellController.h */,
				7989BF77179E2BFF001189C9 /* ZSwitchCellController.m */,
				7989BF78179E2BFF001189C9 /* ZTextFieldCellController.h */,
				7989BF79179E2BFF001189C9 /* ZTextFieldCellController.m */,
			);
			name = "Cell Controllers";
			sourceTree = "<group>";
		};
		79C4826D179B657F00E2B9F9 /* Cell Views */ = {
			isa = PBXGroup;
			children = (
				7989BF64179E2B74001189C9 /* ZTableViewCell.h */,
				7989BF65179E2B74001189C9 /* ZTableViewCell.m */,
				7989BF5C179E2B74001189C9 /* ZCheckboxCell.h */,
				7989BF5D179E2B74001189C9 /* ZCheckboxCell.m */,
				7989BF5E179E2B74001189C9 /* ZDateCell.h */,
				7989BF5F179E2B74001189C9 /* ZDateCell.m */,
				7989BF60179E2B74001189C9 /* ZLabelControlCell.h */,
				7989BF61179E2B74001189C9 /* ZLabelControlCell.m */,
				7989BF62179E2B74001189C9 /* ZSwitchCell.h */,
				7989BF63179E2B74001189C9 /* ZSwitchCell.m */,
				7989BF66179E2B74001189C9 /* ZTextFieldCell.h */,
				7989BF67179E2B74001189C9 /* ZTextFieldCell.m */,
			);
			name = "Cell Views";
			sourceTree = "<group>";
		};
/* End PBXGroup section */

/* Begin PBXNativeTarget section */
		79C48230179B654400E2B9F9 /* ZForm */ = {
			isa = PBXNativeTarget;
			buildConfigurationList = 79C48263179B654500E2B9F9 /* Build configuration list for PBXNativeTarget "ZForm" */;
			buildPhases = (
				79C4822D179B654400E2B9F9 /* Sources */,
				79C4822E179B654400E2B9F9 /* Frameworks */,
				79C4822F179B654400E2B9F9 /* Resources */,
			);
			buildRules = (
			);
			dependencies = (
			);
			name = ZForm;
			productName = ZForm;
			productReference = 79C48231179B654400E2B9F9 /* ZForm.app */;
			productType = "com.apple.product-type.application";
		};
		79C48251179B654500E2B9F9 /* ZFormTests */ = {
			isa = PBXNativeTarget;
			buildConfigurationList = 79C48266179B654500E2B9F9 /* Build configuration list for PBXNativeTarget "ZFormTests" */;
			buildPhases = (
				79C4824E179B654500E2B9F9 /* Sources */,
				79C4824F179B654500E2B9F9 /* Frameworks */,
				79C48250179B654500E2B9F9 /* Resources */,
			);
			buildRules = (
			);
			dependencies = (
				79C48258179B654500E2B9F9 /* PBXTargetDependency */,
			);
			name = ZFormTests;
			productName = ZFormTests;
			productReference = 79C48252179B654500E2B9F9 /* ZFormTests.xctest */;
			productType = "com.apple.product-type.bundle.unit-test";
		};
/* End PBXNativeTarget section */

/* Begin PBXProject section */
		79C48229179B654400E2B9F9 /* Project object */ = {
			isa = PBXProject;
			attributes = {
				CLASSPREFIX = Z;
				LastUpgradeCheck = 0500;
				ORGANIZATIONNAME = "Ayal Spitz";
				TargetAttributes = {
					79C48251179B654500E2B9F9 = {
						TestTargetID = 79C48230179B654400E2B9F9;
					};
				};
			};
			buildConfigurationList = 79C4822C179B654400E2B9F9 /* Build configuration list for PBXProject "ZForm" */;
			compatibilityVersion = "Xcode 3.2";
			developmentRegion = English;
			hasScannedForEncodings = 0;
			knownRegions = (
				en,
				Base,
			);
			mainGroup = 79C48228179B654400E2B9F9;
			productRefGroup = 79C48232179B654400E2B9F9 /* Products */;
			projectDirPath = "";
			projectRoot = "";
			targets = (
				79C48230179B654400E2B9F9 /* ZForm */,
				79C48251179B654500E2B9F9 /* ZFormTests */,
			);
		};
/* End PBXProject section */

/* Begin PBXResourcesBuildPhase section */
		79C4822F179B654400E2B9F9 /* Resources */ = {
			isa = PBXResourcesBuildPhase;
			buildActionMask = 2147483647;
			files = (
				7989BF40179E2A71001189C9 /* checkmark2.png in Resources */,
				7989BF41179E2A71001189C9 /* checkmark2@2x.png in Resources */,
				79C4824D179B654500E2B9F9 /* Images.xcassets in Resources */,
				79C4823F179B654400E2B9F9 /* InfoPlist.strings in Resources */,
				7989BF43179E2A71001189C9 /* uncheckmark2@2x.png in Resources */,
				79C48248179B654500E2B9F9 /* Main.storyboard in Resources */,
				7989BF42179E2A71001189C9 /* uncheckmark2.png in Resources */,
			);
			runOnlyForDeploymentPostprocessing = 0;
		};
		79C48250179B654500E2B9F9 /* Resources */ = {
			isa = PBXResourcesBuildPhase;
			buildActionMask = 2147483647;
			files = (
				79C4825E179B654500E2B9F9 /* InfoPlist.strings in Resources */,
			);
			runOnlyForDeploymentPostprocessing = 0;
		};
/* End PBXResourcesBuildPhase section */

/* Begin PBXSourcesBuildPhase section */
		79C4822D179B654400E2B9F9 /* Sources */ = {
			isa = PBXSourcesBuildPhase;
			buildActionMask = 2147483647;
			files = (
				7989BF6B179E2B74001189C9 /* ZSwitchCell.m in Sources */,
				7989BF5B179E2B12001189C9 /* ZFormViewController.m in Sources */,
				79C48241179B654500E2B9F9 /* main.m in Sources */,
				7989BF49179E2A88001189C9 /* ZTextField.m in Sources */,
				7989BF7C179E2BFF001189C9 /* ZDateCellController.m in Sources */,
				7989BF55179E2AEB001189C9 /* UIView+ViewSearch.m in Sources */,
				7989BF7B179E2BFF001189C9 /* ZCheckboxCellController.m in Sources */,
				7989BF53179E2AEB001189C9 /* NSString+Utilities.m in Sources */,
				7989BF7A179E2BFF001189C9 /* ZCellController.m in Sources */,
				7989BF69179E2B74001189C9 /* ZDateCell.m in Sources */,
				7989BF6A179E2B74001189C9 /* ZLabelControlCell.m in Sources */,
				7989BF68179E2B74001189C9 /* ZCheckboxCell.m in Sources */,
				7989BF7F179E2BFF001189C9 /* ZTextFieldCellController.m in Sources */,
				7989BF46179E2A7F001189C9 /* ZCheckbox.m in Sources */,
				7989BF7E179E2BFF001189C9 /* ZSwitchCellController.m in Sources */,
				79C4824B179B654500E2B9F9 /* ZViewController.m in Sources */,
				7989BF7D179E2BFF001189C9 /* ZMultiSelectCellController.m in Sources */,
				7989BF52179E2AEB001189C9 /* NSIndexPath+Utilities.m in Sources */,
				79C48245179B654500E2B9F9 /* ZAppDelegate.m in Sources */,
				7989BF54179E2AEB001189C9 /* UINavigationController+InterceptBack.m in Sources */,
				7989BF5A179E2B12001189C9 /* ZFormModel.m in Sources */,
				7989BF6C179E2B74001189C9 /* ZTableViewCell.m in Sources */,
				79C48282179B65DF00E2B9F9 /* TransactionalArray.m in Sources */,
				7989BF6D179E2B74001189C9 /* ZTextFieldCell.m in Sources */,
			);
			runOnlyForDeploymentPostprocessing = 0;
		};
		79C4824E179B654500E2B9F9 /* Sources */ = {
			isa = PBXSourcesBuildPhase;
			buildActionMask = 2147483647;
			files = (
				79C48260179B654500E2B9F9 /* ZFormTests.m in Sources */,
			);
			runOnlyForDeploymentPostprocessing = 0;
		};
/* End PBXSourcesBuildPhase section */

/* Begin PBXTargetDependency section */
		79C48258179B654500E2B9F9 /* PBXTargetDependency */ = {
			isa = PBXTargetDependency;
			target = 79C48230179B654400E2B9F9 /* ZForm */;
			targetProxy = 79C48257179B654500E2B9F9 /* PBXContainerItemProxy */;
		};
/* End PBXTargetDependency section */

/* Begin PBXVariantGroup section */
		79C4823D179B654400E2B9F9 /* InfoPlist.strings */ = {
			isa = PBXVariantGroup;
			children = (
				79C4823E179B654400E2B9F9 /* en */,
			);
			name = InfoPlist.strings;
			sourceTree = "<group>";
		};
		79C48246179B654500E2B9F9 /* Main.storyboard */ = {
			isa = PBXVariantGroup;
			children = (
				79C48247179B654500E2B9F9 /* Base */,
			);
			name = Main.storyboard;
			sourceTree = "<group>";
		};
		79C4825C179B654500E2B9F9 /* InfoPlist.strings */ = {
			isa = PBXVariantGroup;
			children = (
				79C4825D179B654500E2B9F9 /* en */,
			);
			name = InfoPlist.strings;
			sourceTree = "<group>";
		};
/* End PBXVariantGroup section */

/* Begin XCBuildConfiguration section */
		79C48261179B654500E2B9F9 /* Debug */ = {
			isa = XCBuildConfiguration;
			buildSettings = {
				ALWAYS_SEARCH_USER_PATHS = NO;
				CLANG_CXX_LANGUAGE_STANDARD = "gnu++0x";
				CLANG_CXX_LIBRARY = "libc++";
				CLANG_ENABLE_MODULES = YES;
				CLANG_ENABLE_OBJC_ARC = YES;
				CLANG_WARN_BOOL_CONVERSION = YES;
				CLANG_WARN_CONSTANT_CONVERSION = YES;
				CLANG_WARN_DIRECT_OBJC_ISA_USAGE = YES_ERROR;
				CLANG_WARN_EMPTY_BODY = YES;
				CLANG_WARN_ENUM_CONVERSION = YES;
				CLANG_WARN_INT_CONVERSION = YES;
				CLANG_WARN_OBJC_ROOT_CLASS = YES_ERROR;
				CLANG_WARN__DUPLICATE_METHOD_MATCH = YES;
				"CODE_SIGN_IDENTITY[sdk=iphoneos*]" = "iPhone Developer";
				COPY_PHASE_STRIP = NO;
				GCC_C_LANGUAGE_STANDARD = gnu99;
				GCC_DYNAMIC_NO_PIC = NO;
				GCC_OPTIMIZATION_LEVEL = 0;
				GCC_PREPROCESSOR_DEFINITIONS = (
					"DEBUG=1",
					"$(inherited)",
				);
				GCC_SYMBOLS_PRIVATE_EXTERN = NO;
				GCC_WARN_ABOUT_RETURN_TYPE = YES_ERROR;
				GCC_WARN_UNDECLARED_SELECTOR = YES;
				GCC_WARN_UNINITIALIZED_AUTOS = YES;
				GCC_WARN_UNUSED_FUNCTION = YES;
				GCC_WARN_UNUSED_VARIABLE = YES;
				IPHONEOS_DEPLOYMENT_TARGET = 7.0;
				ONLY_ACTIVE_ARCH = YES;
				SDKROOT = iphoneos;
			};
			name = Debug;
		};
		79C48262179B654500E2B9F9 /* Release */ = {
			isa = XCBuildConfiguration;
			buildSettings = {
				ALWAYS_SEARCH_USER_PATHS = NO;
				CLANG_CXX_LANGUAGE_STANDARD = "gnu++0x";
				CLANG_CXX_LIBRARY = "libc++";
				CLANG_ENABLE_MODULES = YES;
				CLANG_ENABLE_OBJC_ARC = YES;
				CLANG_WARN_BOOL_CONVERSION = YES;
				CLANG_WARN_CONSTANT_CONVERSION = YES;
				CLANG_WARN_DIRECT_OBJC_ISA_USAGE = YES_ERROR;
				CLANG_WARN_EMPTY_BODY = YES;
				CLANG_WARN_ENUM_CONVERSION = YES;
				CLANG_WARN_INT_CONVERSION = YES;
				CLANG_WARN_OBJC_ROOT_CLASS = YES_ERROR;
				CLANG_WARN__DUPLICATE_METHOD_MATCH = YES;
				"CODE_SIGN_IDENTITY[sdk=iphoneos*]" = "iPhone Developer";
				COPY_PHASE_STRIP = YES;
				ENABLE_NS_ASSERTIONS = NO;
				GCC_C_LANGUAGE_STANDARD = gnu99;
				GCC_WARN_ABOUT_RETURN_TYPE = YES_ERROR;
				GCC_WARN_UNDECLARED_SELECTOR = YES;
				GCC_WARN_UNINITIALIZED_AUTOS = YES;
				GCC_WARN_UNUSED_FUNCTION = YES;
				GCC_WARN_UNUSED_VARIABLE = YES;
				IPHONEOS_DEPLOYMENT_TARGET = 7.0;
				SDKROOT = iphoneos;
				VALIDATE_PRODUCT = YES;
			};
			name = Release;
		};
		79C48264179B654500E2B9F9 /* Debug */ = {
			isa = XCBuildConfiguration;
			buildSettings = {
				ASSETCATALOG_COMPILER_APPICON_NAME = AppIcon;
				ASSETCATALOG_COMPILER_LAUNCHIMAGE_NAME = LaunchImage;
				GCC_PRECOMPILE_PREFIX_HEADER = YES;
				GCC_PREFIX_HEADER = "ZForm/ZForm-Prefix.pch";
				INFOPLIST_FILE = "ZForm/ZForm-Info.plist";
				PRODUCT_NAME = "$(TARGET_NAME)";
				WRAPPER_EXTENSION = app;
			};
			name = Debug;
		};
		79C48265179B654500E2B9F9 /* Release */ = {
			isa = XCBuildConfiguration;
			buildSettings = {
				ASSETCATALOG_COMPILER_APPICON_NAME = AppIcon;
				ASSETCATALOG_COMPILER_LAUNCHIMAGE_NAME = LaunchImage;
				GCC_PRECOMPILE_PREFIX_HEADER = YES;
				GCC_PREFIX_HEADER = "ZForm/ZForm-Prefix.pch";
				INFOPLIST_FILE = "ZForm/ZForm-Info.plist";
				PRODUCT_NAME = "$(TARGET_NAME)";
				WRAPPER_EXTENSION = app;
			};
			name = Release;
		};
		79C48267179B654500E2B9F9 /* Debug */ = {
			isa = XCBuildConfiguration;
			buildSettings = {
				BUNDLE_LOADER = "$(BUILT_PRODUCTS_DIR)/ZForm.app/ZForm";
				FRAMEWORK_SEARCH_PATHS = (
					"$(SDKROOT)/Developer/Library/Frameworks",
					"$(inherited)",
					"$(SYSTEM_APPS_DIR)/Xcode5-DP3.app/Contents/Developer/Library/Frameworks",
				);
				GCC_PRECOMPILE_PREFIX_HEADER = YES;
				GCC_PREFIX_HEADER = "ZForm/ZForm-Prefix.pch";
				GCC_PREPROCESSOR_DEFINITIONS = (
					"DEBUG=1",
					"$(inherited)",
				);
				INFOPLIST_FILE = "ZFormTests/ZFormTests-Info.plist";
				PRODUCT_NAME = "$(TARGET_NAME)";
				TEST_HOST = "$(BUNDLE_LOADER)";
				WRAPPER_EXTENSION = xctest;
			};
			name = Debug;
		};
		79C48268179B654500E2B9F9 /* Release */ = {
			isa = XCBuildConfiguration;
			buildSettings = {
				BUNDLE_LOADER = "$(BUILT_PRODUCTS_DIR)/ZForm.app/ZForm";
				FRAMEWORK_SEARCH_PATHS = (
					"$(SDKROOT)/Developer/Library/Frameworks",
					"$(inherited)",
					"$(SYSTEM_APPS_DIR)/Xcode5-DP3.app/Contents/Developer/Library/Frameworks",
				);
				GCC_PRECOMPILE_PREFIX_HEADER = YES;
				GCC_PREFIX_HEADER = "ZForm/ZForm-Prefix.pch";
				INFOPLIST_FILE = "ZFormTests/ZFormTests-Info.plist";
				PRODUCT_NAME = "$(TARGET_NAME)";
				TEST_HOST = "$(BUNDLE_LOADER)";
				WRAPPER_EXTENSION = xctest;
			};
			name = Release;
		};
/* End XCBuildConfiguration section */

/* Begin XCConfigurationList section */
		79C4822C179B654400E2B9F9 /* Build configuration list for PBXProject "ZForm" */ = {
			isa = XCConfigurationList;
			buildConfigurations = (
				79C48261179B654500E2B9F9 /* Debug */,
				79C48262179B654500E2B9F9 /* Release */,
			);
			defaultConfigurationIsVisible = 0;
			defaultConfigurationName = Release;
		};
		79C48263179B654500E2B9F9 /* Build configuration list for PBXNativeTarget "ZForm" */ = {
			isa = XCConfigurationList;
			buildConfigurations = (
				79C48264179B654500E2B9F9 /* Debug */,
				79C48265179B654500E2B9F9 /* Release */,
			);
			defaultConfigurationIsVisible = 0;
			defaultConfigurationName = Release;
		};
		79C48266179B654500E2B9F9 /* Build configuration list for PBXNativeTarget "ZFormTests" */ = {
			isa = XCConfigurationList;
			buildConfigurations = (
				79C48267179B654500E2B9F9 /* Debug */,
				79C48268179B654500E2B9F9 /* Release */,
			);
			defaultConfigurationIsVisible = 0;
			defaultConfigurationName = Release;
		};
/* End XCConfigurationList section */
	};
	rootObject = 79C48229179B654400E2B9F9 /* Project object */;
}
